
Microsoft Visual Studio Solution File, Format Version 12.00
# Visual Studio Version 17
VisualStudioVersion = 17.10.34928.147
MinimumVisualStudioVersion = 10.0.40219.1
Project("{9A19103F-16F7-4668-BE54-9A1E7A4F7556}") = "NewCar", "NewCar\NewCar.csproj", "{00AA8D7F-67E2-4040-B8B2-B0FFC958B1F3}"
EndProject
Project("{2150E333-8FDC-42A3-9474-1A3956D46DE8}") = "Элементы решения", "Элементы решения", "{FC33E6EE-DD3E-4466-84F2-787A9FAC219F}"
	ProjectSection(SolutionItems) = preProject
		plantuml\include.puml = plantuml\include.puml
	EndProjectSection
EndProject
Global
	GlobalSection(SolutionConfigurationPlatforms) = preSolution
		Debug|Any CPU = Debug|Any CPU
		Release|Any CPU = Release|Any CPU
	EndGlobalSection
	GlobalSection(ProjectConfigurationPlatforms) = postSolution
		{00AA8D7F-67E2-4040-B8B2-B0FFC958B1F3}.Debug|Any CPU.ActiveCfg = Debug|Any CPU
		{00AA8D7F-67E2-4040-B8B2-B0FFC958B1F3}.Debug|Any CPU.Build.0 = Debug|Any CPU
		{00AA8D7F-67E2-4040-B8B2-B0FFC958B1F3}.Release|Any CPU.ActiveCfg = Release|Any CPU
		{00AA8D7F-67E2-4040-B8B2-B0FFC958B1F3}.Release|Any CPU.Build.0 = Release|Any CPU
	EndGlobalSection
	GlobalSection(SolutionProperties) = preSolution
		HideSolutionNode = FALSE
	EndGlobalSection
	GlobalSection(ExtensibilityGlobals) = postSolution
		SolutionGuid = {11EF15A1-B116-46E5-85FF-561119D7DA0D}
	EndGlobalSection
EndGlobal
